
Microsoft Visual Studio Solution File, Format Version 12.00
# Visual Studio 15
VisualStudioVersion = 15.0.26730.12
MinimumVisualStudioVersion = 10.0.40219.1
Project("{FAE04EC0-301F-11D3-BF4B-00C04F79EFBC}") = "PackDm", "src\PackDm\PackDm.csproj", "{86BF360C-C60A-423F-AA9D-BF2EC68A533D}"
EndProject
Project("{FAE04EC0-301F-11D3-BF4B-00C04F79EFBC}") = "PackDm.Bootstrap", "src\PackDm.Bootstrap\PackDm.Bootstrap.csproj", "{2EF4C150-E67F-44B5-9A27-12A0063C0164}"
EndProject
Global
	GlobalSection(SolutionConfigurationPlatforms) = preSolution
		Debug|Any CPU = Debug|Any CPU
		Release|Any CPU = Release|Any CPU
	EndGlobalSection
	GlobalSection(ProjectConfigurationPlatforms) = postSolution
		{86BF360C-C60A-423F-AA9D-BF2EC68A533D}.Debug|Any CPU.ActiveCfg = Debug|Any CPU
		{86BF360C-C60A-423F-AA9D-BF2EC68A533D}.Debug|Any CPU.Build.0 = Debug|Any CPU
		{86BF360C-C60A-423F-AA9D-BF2EC68A533D}.Release|Any CPU.ActiveCfg = Release|Any CPU
		{86BF360C-C60A-423F-AA9D-BF2EC68A533D}.Release|Any CPU.Build.0 = Release|Any CPU
		{2EF4C150-E67F-44B5-9A27-12A0063C0164}.Debug|Any CPU.ActiveCfg = Debug|Any CPU
		{2EF4C150-E67F-44B5-9A27-12A0063C0164}.Debug|Any CPU.Build.0 = Debug|Any CPU
		{2EF4C150-E67F-44B5-9A27-12A0063C0164}.Release|Any CPU.ActiveCfg = Release|Any CPU
		{2EF4C150-E67F-44B5-9A27-12A0063C0164}.Release|Any CPU.Build.0 = Release|Any CPU
	EndGlobalSection
	GlobalSection(SolutionProperties) = preSolution
		HideSolutionNode = FALSE
	EndGlobalSection
	GlobalSection(ExtensibilityGlobals) = postSolution
		SolutionGuid = {0BEBF312-E26F-4DC5-ACE0-B102C472AAD4}
	EndGlobalSection
	GlobalSection(MonoDevelopProperties) = preSolution
		Policies = $0
		$0.TextStylePolicy = $1
		$1.TabWidth = 2
		$1.IndentWidth = 2
		$1.inheritsSet = VisualStudio
		$1.inheritsScope = text/plain
		$1.scope = text/plain
	EndGlobalSection
EndGlobal
