
Microsoft Visual Studio Solution File, Format Version 12.00
# Visual Studio Version 16
VisualStudioVersion = 16.0.29215.179
MinimumVisualStudioVersion = 10.0.40219.1
Project("{FAE04EC0-301F-11D3-BF4B-00C04F79EFBC}") = "do", "src\do.csproj", "{36740748-03A2-41AC-BC23-03BCA648002E}"
EndProject
Global
	GlobalSection(SolutionConfigurationPlatforms) = preSolution
		Debug|Any CPU = Debug|Any CPU
		Release|Any CPU = Release|Any CPU
	EndGlobalSection
	GlobalSection(ProjectConfigurationPlatforms) = postSolution
		{36740748-03A2-41AC-BC23-03BCA648002E}.Debug|Any CPU.ActiveCfg = Debug|Any CPU
		{36740748-03A2-41AC-BC23-03BCA648002E}.Debug|Any CPU.Build.0 = Debug|Any CPU
		{36740748-03A2-41AC-BC23-03BCA648002E}.Release|Any CPU.ActiveCfg = Release|Any CPU
		{36740748-03A2-41AC-BC23-03BCA648002E}.Release|Any CPU.Build.0 = Release|Any CPU
	EndGlobalSection
	GlobalSection(SolutionProperties) = preSolution
		HideSolutionNode = FALSE
	EndGlobalSection
	GlobalSection(ExtensibilityGlobals) = postSolution
		SolutionGuid = {3AE18BBC-4A2A-4291-91B8-29DA6D2B8E40}
	EndGlobalSection
EndGlobal
